<?xml version="1.0" encoding="UTF-8" standalone="yes" ?>
<CodeBlocks_project_file>
	<FileVersion major="1" minor="6" />
	<Project>
		<Option title="SpecAn-ui" />
		<Option pch_mode="2" />
		<Option compiler="gcc" />
		<Build>
			<Target title="Debug">
				<Option output="bin/Debug/SpecAn-ui" prefix_auto="1" extension_auto="1" />
				<Option object_output="obj/Debug/" />
				<Option type="1" />
				<Option compiler="gcc" />
				<Compiler>
					<Add option="-g" />
				</Compiler>
				<ExtraCommands>
					<Add after='C:\msys32\usr\bin\cp.exe  C:\work\VNA\specan-ui\bin\Debug\Specan-ui.exe &quot;C:\Users\Erik\Google Drive\Arduino_PC\Specan-ui.exe&quot;' />
					<Mode after="always" />
				</ExtraCommands>
			</Target>
			<Target title="Release">
				<Option output="bin/Release/SpecAn-ui" prefix_auto="1" extension_auto="1" />
				<Option object_output="obj/Release/" />
				<Option type="0" />
				<Option compiler="gcc" />
				<Compiler>
					<Add option="-O2" />
				</Compiler>
				<Linker>
					<Add option="-s" />
				</Linker>
				<ExtraCommands>
					<Add after="c:\msys32\mingw32\bin\strip.exe -g C:\work\VNA\specan-ui\bin\Release\Specan-ui.exe" />
					<Add after='C:\msys32\usr\bin\cp.exe  C:\work\VNA\specan-ui\bin\Release\Specan-ui.exe &quot;C:\Users\Erik\Google Drive\Arduino_PC\Specan-ui.exe&quot;' />
				</ExtraCommands>
			</Target>
		</Build>
		<Compiler>
			<Add option="-Wall" />
		</Compiler>
		<Linker>
			<Add library="gdi32" />
			<Add library="user32" />
			<Add library="kernel32" />
			<Add library="comctl32" />
			<Add library="libcomdlg32.a" />
			<Add library="libwinmm" />
		</Linker>
		<Unit filename="Fourier.c">
			<Option compilerVar="CC" />
		</Unit>
		<Unit filename="Fourier.h" />
		<Unit filename="readaudio.c">
			<Option compilerVar="CC" />
		</Unit>
		<Unit filename="resource.h" />
		<Unit filename="specan.c">
			<Option compilerVar="CC" />
		</Unit>
		<Unit filename="specan.rc">
			<Option compilerVar="WINDRES" />
		</Unit>
		<Extensions>
			<code_completion />
			<envvars />
			<debugger />
			<lib_finder disable_auto="1" />
		</Extensions>
	</Project>
</CodeBlocks_project_file>
